
Microsoft Visual Studio Solution File, Format Version 12.00
Project("{FAE04EC0-301F-11D3-BF4B-00C04F79EFBC}") = "VirtualClinic", "VirtualClinic.csproj", "{F80633B3-5F37-4AB1-B4FA-4C6E1CC8EAC3}"
EndProject
Global
	GlobalSection(SolutionConfigurationPlatforms) = preSolution
		Debug|Any CPU = Debug|Any CPU
		Release|Any CPU = Release|Any CPU
	EndGlobalSection
	GlobalSection(ProjectConfigurationPlatforms) = postSolution
		{F80633B3-5F37-4AB1-B4FA-4C6E1CC8EAC3}.Debug|Any CPU.ActiveCfg = Debug|Any CPU
		{F80633B3-5F37-4AB1-B4FA-4C6E1CC8EAC3}.Debug|Any CPU.Build.0 = Debug|Any CPU
		{F80633B3-5F37-4AB1-B4FA-4C6E1CC8EAC3}.Release|Any CPU.ActiveCfg = Release|Any CPU
		{F80633B3-5F37-4AB1-B4FA-4C6E1CC8EAC3}.Release|Any CPU.Build.0 = Release|Any CPU
	EndGlobalSection
	GlobalSection(RiderSharedRunConfigurations) = postSolution
		File = .watchrun\Watch Run.run.xml
	EndGlobalSection
EndGlobal
