{
  "name": "bt-css",
  "version": "1.0.0",
  "lockfileVersion": 2,
  "requires": true,
  "packages": {
    "": {
      "name": "bt-css",
      "version": "1.0.0",
      "license": "ISC",
      "dependencies": {
        "@fortawesome/fontawesome-pro": "^6.1.1",
        "autosize": "^5.0.1",
        "bootstrap": "^5.1.3",
        "bootstrap-icons": "^1.8.1",
        "mdb-ui-kit": "^4.0.0"
      }
    },
    "node_modules/@fortawesome/fontawesome-pro": {
      "version": "6.1.1",
      "resolved": "https://npm.fontawesome.com/@fortawesome/fontawesome-pro/-/6.1.1/fontawesome-pro-6.1.1.tgz",
      "integrity": "sha512-0w6GM8sCXNpcBLUz4bx61JvjjoCvfEIz5wBz2KjLNw9qk1F2XiUWuifXobvLbwaA7kqPGBRPo3U8Zw7zyaJ9sA==",
      "engines": {
        "node": ">=6"
      }
    },
    "node_modules/@popperjs/core": {
      "version": "2.11.5",
      "resolved": "https://registry.npmjs.org/@popperjs/core/-/core-2.11.5.tgz",
      "integrity": "sha512-9X2obfABZuDVLCgPK9aX0a/x4jaOEweTTWE2+9sr0Qqqevj2Uv5XorvusThmc9XGYpS9yI+fhh8RTafBtGposw==",
      "peer": true,
      "funding": {
        "type": "opencollective",
        "url": "https://opencollective.com/popperjs"
      }
    },
    "node_modules/autosize": {
      "version": "5.0.1",
      "resolved": "https://registry.npmjs.org/autosize/-/autosize-5.0.1.tgz",
      "integrity": "sha512-UIWUlE4TOVPNNj2jjrU39wI4hEYbneUypEqcyRmRFIx5CC2gNdg3rQr+Zh7/3h6egbBvm33TDQjNQKtj9Tk1HA=="
    },
    "node_modules/bootstrap": {
      "version": "5.1.3",
      "resolved": "https://registry.npmjs.org/bootstrap/-/bootstrap-5.1.3.tgz",
      "integrity": "sha512-fcQztozJ8jToQWXxVuEyXWW+dSo8AiXWKwiSSrKWsRB/Qt+Ewwza+JWoLKiTuQLaEPhdNAJ7+Dosc9DOIqNy7Q==",
      "funding": {
        "type": "opencollective",
        "url": "https://opencollective.com/bootstrap"
      },
      "peerDependencies": {
        "@popperjs/core": "^2.10.2"
      }
    },
    "node_modules/bootstrap-icons": {
      "version": "1.8.1",
      "resolved": "https://registry.npmjs.org/bootstrap-icons/-/bootstrap-icons-1.8.1.tgz",
      "integrity": "sha512-IXUqislddPJfwq6H+2nTkHyr9epO9h6u1AG0OZCx616w+TgzeoCjfmI3qJMQqt1J586gN2IxzB4M99Ip4sTZ1w==",
      "engines": {
        "node": ">=10"
      }
    },
    "node_modules/mdb-ui-kit": {
      "version": "4.0.0",
      "resolved": "https://registry.npmjs.org/mdb-ui-kit/-/mdb-ui-kit-4.0.0.tgz",
      "integrity": "sha512-aJNTw1nitPhZyQ3gM+qdBiHbtfUFHQ2+1w4g2wZe6AdyAAp+771sKR7ETUK8h39VS9LiyZLR6GycT+IvT1M1fA=="
    }
  },
  "dependencies": {
    "@fortawesome/fontawesome-pro": {
      "version": "6.1.1",
      "resolved": "https://npm.fontawesome.com/@fortawesome/fontawesome-pro/-/6.1.1/fontawesome-pro-6.1.1.tgz",
      "integrity": "sha512-0w6GM8sCXNpcBLUz4bx61JvjjoCvfEIz5wBz2KjLNw9qk1F2XiUWuifXobvLbwaA7kqPGBRPo3U8Zw7zyaJ9sA=="
    },
    "@popperjs/core": {
      "version": "2.11.5",
      "resolved": "https://registry.npmjs.org/@popperjs/core/-/core-2.11.5.tgz",
      "integrity": "sha512-9X2obfABZuDVLCgPK9aX0a/x4jaOEweTTWE2+9sr0Qqqevj2Uv5XorvusThmc9XGYpS9yI+fhh8RTafBtGposw==",
      "peer": true
    },
    "autosize": {
      "version": "5.0.1",
      "resolved": "https://registry.npmjs.org/autosize/-/autosize-5.0.1.tgz",
      "integrity": "sha512-UIWUlE4TOVPNNj2jjrU39wI4hEYbneUypEqcyRmRFIx5CC2gNdg3rQr+Zh7/3h6egbBvm33TDQjNQKtj9Tk1HA=="
    },
    "bootstrap": {
      "version": "5.1.3",
      "resolved": "https://registry.npmjs.org/bootstrap/-/bootstrap-5.1.3.tgz",
      "integrity": "sha512-fcQztozJ8jToQWXxVuEyXWW+dSo8AiXWKwiSSrKWsRB/Qt+Ewwza+JWoLKiTuQLaEPhdNAJ7+Dosc9DOIqNy7Q==",
      "requires": {}
    },
    "bootstrap-icons": {
      "version": "1.8.1",
      "resolved": "https://registry.npmjs.org/bootstrap-icons/-/bootstrap-icons-1.8.1.tgz",
      "integrity": "sha512-IXUqislddPJfwq6H+2nTkHyr9epO9h6u1AG0OZCx616w+TgzeoCjfmI3qJMQqt1J586gN2IxzB4M99Ip4sTZ1w=="
    },
    "mdb-ui-kit": {
      "version": "4.0.0",
      "resolved": "https://registry.npmjs.org/mdb-ui-kit/-/mdb-ui-kit-4.0.0.tgz",
      "integrity": "sha512-aJNTw1nitPhZyQ3gM+qdBiHbtfUFHQ2+1w4g2wZe6AdyAAp+771sKR7ETUK8h39VS9LiyZLR6GycT+IvT1M1fA=="
    }
  }
}
